
Microsoft Visual Studio Solution File, Format Version 12.00
# Visual Studio Version 17
VisualStudioVersion = 17.14.36109.1 d17.14
MinimumVisualStudioVersion = 10.0.40219.1
Project("{FAE04EC0-301F-11D3-BF4B-00C04F79EFBC}") = "WebApplication4", "WebApplication4\WebApplication4.csproj", "{B3AD4B3B-EFBE-46AC-94B5-DD748C7BFC41}"
EndProject
Global
	GlobalSection(SolutionConfigurationPlatforms) = preSolution
		Debug|Any CPU = Debug|Any CPU
		Release|Any CPU = Release|Any CPU
	EndGlobalSection
	GlobalSection(ProjectConfigurationPlatforms) = postSolution
		{B3AD4B3B-EFBE-46AC-94B5-DD748C7BFC41}.Debug|Any CPU.ActiveCfg = Debug|Any CPU
		{B3AD4B3B-EFBE-46AC-94B5-DD748C7BFC41}.Debug|Any CPU.Build.0 = Debug|Any CPU
		{B3AD4B3B-EFBE-46AC-94B5-DD748C7BFC41}.Release|Any CPU.ActiveCfg = Release|Any CPU
		{B3AD4B3B-EFBE-46AC-94B5-DD748C7BFC41}.Release|Any CPU.Build.0 = Release|Any CPU
	EndGlobalSection
	GlobalSection(SolutionProperties) = preSolution
		HideSolutionNode = FALSE
	EndGlobalSection
	GlobalSection(ExtensibilityGlobals) = postSolution
		SolutionGuid = {93C0A37F-4AC4-4EC3-ABBA-35E02B5F1029}
	EndGlobalSection
EndGlobal
