
Microsoft Visual Studio Solution File, Format Version 12.00
# Visual Studio Version 17
VisualStudioVersion = 17.14.36109.1 d17.14
MinimumVisualStudioVersion = 10.0.40219.1
Project("{FAE04EC0-301F-11D3-BF4B-00C04F79EFBC}") = "InputAssignment", "InputAssignment\InputAssignment.csproj", "{28E3DCE7-2B33-4E66-A6E1-9EC6ED677559}"
EndProject
Global
	GlobalSection(SolutionConfigurationPlatforms) = preSolution
		Debug|Any CPU = Debug|Any CPU
		Release|Any CPU = Release|Any CPU
	EndGlobalSection
	GlobalSection(ProjectConfigurationPlatforms) = postSolution
		{28E3DCE7-2B33-4E66-A6E1-9EC6ED677559}.Debug|Any CPU.ActiveCfg = Debug|Any CPU
		{28E3DCE7-2B33-4E66-A6E1-9EC6ED677559}.Debug|Any CPU.Build.0 = Debug|Any CPU
		{28E3DCE7-2B33-4E66-A6E1-9EC6ED677559}.Release|Any CPU.ActiveCfg = Release|Any CPU
		{28E3DCE7-2B33-4E66-A6E1-9EC6ED677559}.Release|Any CPU.Build.0 = Release|Any CPU
	EndGlobalSection
	GlobalSection(SolutionProperties) = preSolution
		HideSolutionNode = FALSE
	EndGlobalSection
	GlobalSection(ExtensibilityGlobals) = postSolution
		SolutionGuid = {64CC6438-3B61-4ADC-8F23-600B9D9B8EEC}
	EndGlobalSection
EndGlobal
