
Microsoft Visual Studio Solution File, Format Version 12.00
# Visual Studio Version 17
VisualStudioVersion = 17.13.35931.197 d17.13
MinimumVisualStudioVersion = 10.0.40219.1
Project("{FAE04EC0-301F-11D3-BF4B-00C04F79EFBC}") = "ParsingEnumsAssignment", "ParsingEnumsAssignment\ParsingEnumsAssignment.csproj", "{11FBC43D-1E91-49AD-B1CB-6CD025E273E4}"
EndProject
Global
	GlobalSection(SolutionConfigurationPlatforms) = preSolution
		Debug|Any CPU = Debug|Any CPU
		Release|Any CPU = Release|Any CPU
	EndGlobalSection
	GlobalSection(ProjectConfigurationPlatforms) = postSolution
		{11FBC43D-1E91-49AD-B1CB-6CD025E273E4}.Debug|Any CPU.ActiveCfg = Debug|Any CPU
		{11FBC43D-1E91-49AD-B1CB-6CD025E273E4}.Debug|Any CPU.Build.0 = Debug|Any CPU
		{11FBC43D-1E91-49AD-B1CB-6CD025E273E4}.Release|Any CPU.ActiveCfg = Release|Any CPU
		{11FBC43D-1E91-49AD-B1CB-6CD025E273E4}.Release|Any CPU.Build.0 = Release|Any CPU
	EndGlobalSection
	GlobalSection(SolutionProperties) = preSolution
		HideSolutionNode = FALSE
	EndGlobalSection
	GlobalSection(ExtensibilityGlobals) = postSolution
		SolutionGuid = {B0213907-8A84-4CDC-882E-179832F7CE08}
	EndGlobalSection
EndGlobal
