
Microsoft Visual Studio Solution File, Format Version 12.00
# Visual Studio Version 17
VisualStudioVersion = 17.13.35931.197 d17.13
MinimumVisualStudioVersion = 10.0.40219.1
Project("{FAE04EC0-301F-11D3-BF4B-00C04F79EFBC}") = "Loops", "Loops\Loops.csproj", "{71B3FD24-F5BB-4EC7-BD25-AFA462D1970F}"
EndProject
Global
	GlobalSection(SolutionConfigurationPlatforms) = preSolution
		Debug|Any CPU = Debug|Any CPU
		Release|Any CPU = Release|Any CPU
	EndGlobalSection
	GlobalSection(ProjectConfigurationPlatforms) = postSolution
		{71B3FD24-F5BB-4EC7-BD25-AFA462D1970F}.Debug|Any CPU.ActiveCfg = Debug|Any CPU
		{71B3FD24-F5BB-4EC7-BD25-AFA462D1970F}.Debug|Any CPU.Build.0 = Debug|Any CPU
		{71B3FD24-F5BB-4EC7-BD25-AFA462D1970F}.Release|Any CPU.ActiveCfg = Release|Any CPU
		{71B3FD24-F5BB-4EC7-BD25-AFA462D1970F}.Release|Any CPU.Build.0 = Release|Any CPU
	EndGlobalSection
	GlobalSection(SolutionProperties) = preSolution
		HideSolutionNode = FALSE
	EndGlobalSection
	GlobalSection(ExtensibilityGlobals) = postSolution
		SolutionGuid = {9E245E96-094A-4A3A-98D0-D567EF454840}
	EndGlobalSection
EndGlobal
