
Microsoft Visual Studio Solution File, Format Version 12.00
# Visual Studio Version 17
VisualStudioVersion = 17.13.35931.197 d17.13
MinimumVisualStudioVersion = 10.0.40219.1
Project("{FAE04EC0-301F-11D3-BF4B-00C04F79EFBC}") = "OverloadOperatorAssignment", "OverloadOperatorAssignment\OverloadOperatorAssignment.csproj", "{24C6E660-E6F2-4941-A30A-217924EE238B}"
EndProject
Global
	GlobalSection(SolutionConfigurationPlatforms) = preSolution
		Debug|Any CPU = Debug|Any CPU
		Release|Any CPU = Release|Any CPU
	EndGlobalSection
	GlobalSection(ProjectConfigurationPlatforms) = postSolution
		{24C6E660-E6F2-4941-A30A-217924EE238B}.Debug|Any CPU.ActiveCfg = Debug|Any CPU
		{24C6E660-E6F2-4941-A30A-217924EE238B}.Debug|Any CPU.Build.0 = Debug|Any CPU
		{24C6E660-E6F2-4941-A30A-217924EE238B}.Release|Any CPU.ActiveCfg = Release|Any CPU
		{24C6E660-E6F2-4941-A30A-217924EE238B}.Release|Any CPU.Build.0 = Release|Any CPU
	EndGlobalSection
	GlobalSection(SolutionProperties) = preSolution
		HideSolutionNode = FALSE
	EndGlobalSection
	GlobalSection(ExtensibilityGlobals) = postSolution
		SolutionGuid = {67777850-88CC-42B5-ADAD-67149FB70DB8}
	EndGlobalSection
EndGlobal
