
Microsoft Visual Studio Solution File, Format Version 12.00
# Visual Studio Version 17
VisualStudioVersion = 17.13.35931.197 d17.13
MinimumVisualStudioVersion = 10.0.40219.1
Project("{FAE04EC0-301F-11D3-BF4B-00C04F79EFBC}") = "BranchingAssignment", "BranchingAssignment\BranchingAssignment.csproj", "{A769270C-94B1-40A1-93D4-29338B4F7716}"
EndProject
Global
	GlobalSection(SolutionConfigurationPlatforms) = preSolution
		Debug|Any CPU = Debug|Any CPU
		Release|Any CPU = Release|Any CPU
	EndGlobalSection
	GlobalSection(ProjectConfigurationPlatforms) = postSolution
		{A769270C-94B1-40A1-93D4-29338B4F7716}.Debug|Any CPU.ActiveCfg = Debug|Any CPU
		{A769270C-94B1-40A1-93D4-29338B4F7716}.Debug|Any CPU.Build.0 = Debug|Any CPU
		{A769270C-94B1-40A1-93D4-29338B4F7716}.Release|Any CPU.ActiveCfg = Release|Any CPU
		{A769270C-94B1-40A1-93D4-29338B4F7716}.Release|Any CPU.Build.0 = Release|Any CPU
	EndGlobalSection
	GlobalSection(SolutionProperties) = preSolution
		HideSolutionNode = FALSE
	EndGlobalSection
	GlobalSection(ExtensibilityGlobals) = postSolution
		SolutionGuid = {2EF431FB-D390-43A0-9615-D89E605A5D4B}
	EndGlobalSection
EndGlobal
