
Microsoft Visual Studio Solution File, Format Version 12.00
# Visual Studio Version 17
VisualStudioVersion = 17.13.35931.197 d17.13
MinimumVisualStudioVersion = 10.0.40219.1
Project("{FAE04EC0-301F-11D3-BF4B-00C04F79EFBC}") = "ClassAssignment", "ClassAssignment\ClassAssignment.csproj", "{C8E87C20-8082-4F13-959A-EDD976E2B438}"
EndProject
Global
	GlobalSection(SolutionConfigurationPlatforms) = preSolution
		Debug|Any CPU = Debug|Any CPU
		Release|Any CPU = Release|Any CPU
	EndGlobalSection
	GlobalSection(ProjectConfigurationPlatforms) = postSolution
		{C8E87C20-8082-4F13-959A-EDD976E2B438}.Debug|Any CPU.ActiveCfg = Debug|Any CPU
		{C8E87C20-8082-4F13-959A-EDD976E2B438}.Debug|Any CPU.Build.0 = Debug|Any CPU
		{C8E87C20-8082-4F13-959A-EDD976E2B438}.Release|Any CPU.ActiveCfg = Release|Any CPU
		{C8E87C20-8082-4F13-959A-EDD976E2B438}.Release|Any CPU.Build.0 = Release|Any CPU
	EndGlobalSection
	GlobalSection(SolutionProperties) = preSolution
		HideSolutionNode = FALSE
	EndGlobalSection
	GlobalSection(ExtensibilityGlobals) = postSolution
		SolutionGuid = {277F1524-DE77-4732-828B-A6B80287022A}
	EndGlobalSection
EndGlobal
