
Microsoft Visual Studio Solution File, Format Version 12.00
# Visual Studio Version 17
VisualStudioVersion = 17.13.35931.197 d17.13
MinimumVisualStudioVersion = 10.0.40219.1
Project("{FAE04EC0-301F-11D3-BF4B-00C04F79EFBC}") = "ParametersAssignment", "ParametersAssignment\ParametersAssignment.csproj", "{6422A15A-D8A6-4060-88E2-EFAE2BD7C717}"
EndProject
Global
	GlobalSection(SolutionConfigurationPlatforms) = preSolution
		Debug|Any CPU = Debug|Any CPU
		Release|Any CPU = Release|Any CPU
	EndGlobalSection
	GlobalSection(ProjectConfigurationPlatforms) = postSolution
		{6422A15A-D8A6-4060-88E2-EFAE2BD7C717}.Debug|Any CPU.ActiveCfg = Debug|Any CPU
		{6422A15A-D8A6-4060-88E2-EFAE2BD7C717}.Debug|Any CPU.Build.0 = Debug|Any CPU
		{6422A15A-D8A6-4060-88E2-EFAE2BD7C717}.Release|Any CPU.ActiveCfg = Release|Any CPU
		{6422A15A-D8A6-4060-88E2-EFAE2BD7C717}.Release|Any CPU.Build.0 = Release|Any CPU
	EndGlobalSection
	GlobalSection(SolutionProperties) = preSolution
		HideSolutionNode = FALSE
	EndGlobalSection
	GlobalSection(ExtensibilityGlobals) = postSolution
		SolutionGuid = {F51BC1ED-26CA-4F22-B542-6964F70F1A80}
	EndGlobalSection
EndGlobal
