
Microsoft Visual Studio Solution File, Format Version 12.00
# Visual Studio Version 17
VisualStudioVersion = 17.14.36109.1 d17.14
MinimumVisualStudioVersion = 10.0.40219.1
Project("{FAE04EC0-301F-11D3-BF4B-00C04F79EFBC}") = "TechStoreInventory", "TechStoreInventory\TechStoreInventory.csproj", "{5656C955-FDFC-4641-9CB1-BCE024659382}"
EndProject
Global
	GlobalSection(SolutionConfigurationPlatforms) = preSolution
		Debug|Any CPU = Debug|Any CPU
		Release|Any CPU = Release|Any CPU
	EndGlobalSection
	GlobalSection(ProjectConfigurationPlatforms) = postSolution
		{5656C955-FDFC-4641-9CB1-BCE024659382}.Debug|Any CPU.ActiveCfg = Debug|Any CPU
		{5656C955-FDFC-4641-9CB1-BCE024659382}.Debug|Any CPU.Build.0 = Debug|Any CPU
		{5656C955-FDFC-4641-9CB1-BCE024659382}.Release|Any CPU.ActiveCfg = Release|Any CPU
		{5656C955-FDFC-4641-9CB1-BCE024659382}.Release|Any CPU.Build.0 = Release|Any CPU
	EndGlobalSection
	GlobalSection(SolutionProperties) = preSolution
		HideSolutionNode = FALSE
	EndGlobalSection
	GlobalSection(ExtensibilityGlobals) = postSolution
		SolutionGuid = {18786782-91A3-4CBC-8675-39610933F14B}
	EndGlobalSection
EndGlobal
