
Microsoft Visual Studio Solution File, Format Version 12.00
# Visual Studio Version 17
VisualStudioVersion = 17.13.35931.197 d17.13
MinimumVisualStudioVersion = 10.0.40219.1
Project("{FAE04EC0-301F-11D3-BF4B-00C04F79EFBC}") = "DailyReport", "DailyReport\DailyReport.csproj", "{FD48A00A-BA9E-4726-81BC-67F8BB40CD3A}"
EndProject
Global
	GlobalSection(SolutionConfigurationPlatforms) = preSolution
		Debug|Any CPU = Debug|Any CPU
		Release|Any CPU = Release|Any CPU
	EndGlobalSection
	GlobalSection(ProjectConfigurationPlatforms) = postSolution
		{FD48A00A-BA9E-4726-81BC-67F8BB40CD3A}.Debug|Any CPU.ActiveCfg = Debug|Any CPU
		{FD48A00A-BA9E-4726-81BC-67F8BB40CD3A}.Debug|Any CPU.Build.0 = Debug|Any CPU
		{FD48A00A-BA9E-4726-81BC-67F8BB40CD3A}.Release|Any CPU.ActiveCfg = Release|Any CPU
		{FD48A00A-BA9E-4726-81BC-67F8BB40CD3A}.Release|Any CPU.Build.0 = Release|Any CPU
	EndGlobalSection
	GlobalSection(SolutionProperties) = preSolution
		HideSolutionNode = FALSE
	EndGlobalSection
	GlobalSection(ExtensibilityGlobals) = postSolution
		SolutionGuid = {5B11D1B0-E7C7-47BC-9E24-B271CA4CCFE3}
	EndGlobalSection
EndGlobal
