
Microsoft Visual Studio Solution File, Format Version 12.00
# Visual Studio Version 17
VisualStudioVersion = 17.14.36109.1 d17.14
MinimumVisualStudioVersion = 10.0.40219.1
Project("{FAE04EC0-301F-11D3-BF4B-00C04F79EFBC}") = "WebApplication2", "WebApplication2\WebApplication2.csproj", "{B9678771-288B-4C40-B74C-47860265B855}"
EndProject
Global
	GlobalSection(SolutionConfigurationPlatforms) = preSolution
		Debug|Any CPU = Debug|Any CPU
		Release|Any CPU = Release|Any CPU
	EndGlobalSection
	GlobalSection(ProjectConfigurationPlatforms) = postSolution
		{B9678771-288B-4C40-B74C-47860265B855}.Debug|Any CPU.ActiveCfg = Debug|Any CPU
		{B9678771-288B-4C40-B74C-47860265B855}.Debug|Any CPU.Build.0 = Debug|Any CPU
		{B9678771-288B-4C40-B74C-47860265B855}.Release|Any CPU.ActiveCfg = Release|Any CPU
		{B9678771-288B-4C40-B74C-47860265B855}.Release|Any CPU.Build.0 = Release|Any CPU
	EndGlobalSection
	GlobalSection(SolutionProperties) = preSolution
		HideSolutionNode = FALSE
	EndGlobalSection
	GlobalSection(ExtensibilityGlobals) = postSolution
		SolutionGuid = {4CD03B2F-8699-43DE-BFD1-25C73339A778}
	EndGlobalSection
EndGlobal
