
Microsoft Visual Studio Solution File, Format Version 12.00
# Visual Studio Version 17
VisualStudioVersion = 17.14.36109.1 d17.14
MinimumVisualStudioVersion = 10.0.40219.1
Project("{FAE04EC0-301F-11D3-BF4B-00C04F79EFBC}") = "DateTimeAssignment", "DateTimeAssignment\DateTimeAssignment.csproj", "{814050CC-103E-4B90-ABB6-A0D603DF4AFB}"
EndProject
Global
	GlobalSection(SolutionConfigurationPlatforms) = preSolution
		Debug|Any CPU = Debug|Any CPU
		Release|Any CPU = Release|Any CPU
	EndGlobalSection
	GlobalSection(ProjectConfigurationPlatforms) = postSolution
		{814050CC-103E-4B90-ABB6-A0D603DF4AFB}.Debug|Any CPU.ActiveCfg = Debug|Any CPU
		{814050CC-103E-4B90-ABB6-A0D603DF4AFB}.Debug|Any CPU.Build.0 = Debug|Any CPU
		{814050CC-103E-4B90-ABB6-A0D603DF4AFB}.Release|Any CPU.ActiveCfg = Release|Any CPU
		{814050CC-103E-4B90-ABB6-A0D603DF4AFB}.Release|Any CPU.Build.0 = Release|Any CPU
	EndGlobalSection
	GlobalSection(SolutionProperties) = preSolution
		HideSolutionNode = FALSE
	EndGlobalSection
	GlobalSection(ExtensibilityGlobals) = postSolution
		SolutionGuid = {3B188391-25FC-4DAA-AD3C-94BED29ACA19}
	EndGlobalSection
EndGlobal
