
Microsoft Visual Studio Solution File, Format Version 12.00
# Visual Studio Version 17
VisualStudioVersion = 17.13.35931.197
MinimumVisualStudioVersion = 10.0.40219.1
Project("{FAE04EC0-301F-11D3-BF4B-00C04F79EFBC}") = "TwentyOne", "TwentyOne\TwentyOne.csproj", "{FA02B630-EE65-4E13-82A6-3F21A0695D56}"
EndProject
Project("{FAE04EC0-301F-11D3-BF4B-00C04F79EFBC}") = "Casino", "Casino\Casino.csproj", "{1A4FE540-3EA7-4E30-BFDF-52C0153F46C6}"
EndProject
Global
	GlobalSection(SolutionConfigurationPlatforms) = preSolution
		Debug|Any CPU = Debug|Any CPU
		Release|Any CPU = Release|Any CPU
	EndGlobalSection
	GlobalSection(ProjectConfigurationPlatforms) = postSolution
		{FA02B630-EE65-4E13-82A6-3F21A0695D56}.Debug|Any CPU.ActiveCfg = Debug|Any CPU
		{FA02B630-EE65-4E13-82A6-3F21A0695D56}.Debug|Any CPU.Build.0 = Debug|Any CPU
		{FA02B630-EE65-4E13-82A6-3F21A0695D56}.Release|Any CPU.ActiveCfg = Release|Any CPU
		{FA02B630-EE65-4E13-82A6-3F21A0695D56}.Release|Any CPU.Build.0 = Release|Any CPU
		{1A4FE540-3EA7-4E30-BFDF-52C0153F46C6}.Debug|Any CPU.ActiveCfg = Debug|Any CPU
		{1A4FE540-3EA7-4E30-BFDF-52C0153F46C6}.Debug|Any CPU.Build.0 = Debug|Any CPU
		{1A4FE540-3EA7-4E30-BFDF-52C0153F46C6}.Release|Any CPU.ActiveCfg = Release|Any CPU
		{1A4FE540-3EA7-4E30-BFDF-52C0153F46C6}.Release|Any CPU.Build.0 = Release|Any CPU
	EndGlobalSection
	GlobalSection(SolutionProperties) = preSolution
		HideSolutionNode = FALSE
	EndGlobalSection
	GlobalSection(ExtensibilityGlobals) = postSolution
		SolutionGuid = {3080F899-FD06-4022-B19D-4AAD87AF7CE9}
	EndGlobalSection
EndGlobal
