
Microsoft Visual Studio Solution File, Format Version 12.00
# Visual Studio Version 17
VisualStudioVersion = 17.13.35931.197 d17.13
MinimumVisualStudioVersion = 10.0.40219.1
Project("{FAE04EC0-301F-11D3-BF4B-00C04F79EFBC}") = "OperatorChallenge", "OperatorChallenge\OperatorChallenge.csproj", "{CA540AB7-E49C-45B9-9282-2559B22120A7}"
EndProject
Global
	GlobalSection(SolutionConfigurationPlatforms) = preSolution
		Debug|Any CPU = Debug|Any CPU
		Release|Any CPU = Release|Any CPU
	EndGlobalSection
	GlobalSection(ProjectConfigurationPlatforms) = postSolution
		{CA540AB7-E49C-45B9-9282-2559B22120A7}.Debug|Any CPU.ActiveCfg = Debug|Any CPU
		{CA540AB7-E49C-45B9-9282-2559B22120A7}.Debug|Any CPU.Build.0 = Debug|Any CPU
		{CA540AB7-E49C-45B9-9282-2559B22120A7}.Release|Any CPU.ActiveCfg = Release|Any CPU
		{CA540AB7-E49C-45B9-9282-2559B22120A7}.Release|Any CPU.Build.0 = Release|Any CPU
	EndGlobalSection
	GlobalSection(SolutionProperties) = preSolution
		HideSolutionNode = FALSE
	EndGlobalSection
	GlobalSection(ExtensibilityGlobals) = postSolution
		SolutionGuid = {849745B1-CF8F-4171-A5E5-91BCB0EA59C7}
	EndGlobalSection
EndGlobal
